// !$*UTF8*$!
{
	archiveVersion = 1;
	classes = {
	};
	objectVersion = 77;
	objects = {

/* Begin PBXBuildFile section */
		F5E791AF2CDCB9AC0008BA3E /* WidgetExtension.appex in Embed Foundation Extensions */ = {isa = PBXBuildFile; fileRef = F5E791992CDCB9AA0008BA3E /* WidgetExtension.appex */; settings = {ATTRIBUTES = (RemoveHeadersOnCopy, ); }; };
		F5E791B92CDDAC740008BA3E /* SwiftUI.framework in Frameworks */ = {isa = PBXBuildFile; fileRef = F5E7919D2CDCB9AA0008BA3E /* SwiftUI.framework */; };
		F5E791BA2CDDAC740008BA3E /* SwiftUI.framework in Embed Frameworks */ = {isa = PBXBuildFile; fileRef = F5E7919D2CDCB9AA0008BA3E /* SwiftUI.framework */; settings = {ATTRIBUTES = (CodeSignOnCopy, RemoveHeadersOnCopy, ); }; };
		F5E791BC2CDDAC750008BA3E /* WidgetKit.framework in Frameworks */ = {isa = PBXBuildFile; fileRef = F5E7919B2CDCB9AA0008BA3E /* WidgetKit.framework */; };
		F5E791BD2CDDAC750008BA3E /* WidgetKit.framework in Embed Frameworks */ = {isa = PBXBuildFile; fileRef = F5E7919B2CDCB9AA0008BA3E /* WidgetKit.framework */; settings = {ATTRIBUTES = (CodeSignOnCopy, RemoveHeadersOnCopy, ); }; };
/* End PBXBuildFile section */

/* Begin PBXContainerItemProxy section */
		F5E791582CDB3ACC0008BA3E /* PBXContainerItemProxy */ = {
			isa = PBXContainerItemProxy;
			containerPortal = F5E7913C2CDB3ACB0008BA3E /* Project object */;
			proxyType = 1;
			remoteGlobalIDString = F5E791432CDB3ACB0008BA3E;
			remoteInfo = WeeklyBudget;
		};
		F5E791622CDB3ACD0008BA3E /* PBXContainerItemProxy */ = {
			isa = PBXContainerItemProxy;
			containerPortal = F5E7913C2CDB3ACB0008BA3E /* Project object */;
			proxyType = 1;
			remoteGlobalIDString = F5E791432CDB3ACB0008BA3E;
			remoteInfo = WeeklyBudget;
		};
		F5E791AD2CDCB9AC0008BA3E /* PBXContainerItemProxy */ = {
			isa = PBXContainerItemProxy;
			containerPortal = F5E7913C2CDB3ACB0008BA3E /* Project object */;
			proxyType = 1;
			remoteGlobalIDString = F5E791982CDCB9AA0008BA3E;
			remoteInfo = WidgetExtension;
		};
/* End PBXContainerItemProxy section */

/* Begin PBXCopyFilesBuildPhase section */
		F5E791B42CDCB9AC0008BA3E /* Embed Foundation Extensions */ = {
			isa = PBXCopyFilesBuildPhase;
			buildActionMask = 2147483647;
			dstPath = "";
			dstSubfolderSpec = 13;
			files = (
				F5E791AF2CDCB9AC0008BA3E /* WidgetExtension.appex in Embed Foundation Extensions */,
			);
			name = "Embed Foundation Extensions";
			runOnlyForDeploymentPostprocessing = 0;
		};
		F5E791B62CDCC1720008BA3E /* CopyFiles */ = {
			isa = PBXCopyFilesBuildPhase;
			buildActionMask = 2147483647;
			dstPath = "";
			dstSubfolderSpec = 13;
			files = (
			);
			runOnlyForDeploymentPostprocessing = 0;
		};
		F5E791BB2CDDAC740008BA3E /* Embed Frameworks */ = {
			isa = PBXCopyFilesBuildPhase;
			buildActionMask = 2147483647;
			dstPath = "";
			dstSubfolderSpec = 10;
			files = (
				F5E791BA2CDDAC740008BA3E /* SwiftUI.framework in Embed Frameworks */,
				F5E791BD2CDDAC750008BA3E /* WidgetKit.framework in Embed Frameworks */,
			);
			name = "Embed Frameworks";
			runOnlyForDeploymentPostprocessing = 0;
		};
/* End PBXCopyFilesBuildPhase section */

/* Begin PBXFileReference section */
		F5E791442CDB3ACB0008BA3E /* WeeklyBudget.app */ = {isa = PBXFileReference; explicitFileType = wrapper.application; includeInIndex = 0; path = WeeklyBudget.app; sourceTree = BUILT_PRODUCTS_DIR; };
		F5E791572CDB3ACC0008BA3E /* WeeklyBudgetTests.xctest */ = {isa = PBXFileReference; explicitFileType = wrapper.cfbundle; includeInIndex = 0; path = WeeklyBudgetTests.xctest; sourceTree = BUILT_PRODUCTS_DIR; };
		F5E791612CDB3ACD0008BA3E /* WeeklyBudgetUITests.xctest */ = {isa = PBXFileReference; explicitFileType = wrapper.cfbundle; includeInIndex = 0; path = WeeklyBudgetUITests.xctest; sourceTree = BUILT_PRODUCTS_DIR; };
		F5E791992CDCB9AA0008BA3E /* WidgetExtension.appex */ = {isa = PBXFileReference; explicitFileType = "wrapper.app-extension"; includeInIndex = 0; path = WidgetExtension.appex; sourceTree = BUILT_PRODUCTS_DIR; };
		F5E7919B2CDCB9AA0008BA3E /* WidgetKit.framework */ = {isa = PBXFileReference; lastKnownFileType = wrapper.framework; name = WidgetKit.framework; path = System/Library/Frameworks/WidgetKit.framework; sourceTree = SDKROOT; };
		F5E7919D2CDCB9AA0008BA3E /* SwiftUI.framework */ = {isa = PBXFileReference; lastKnownFileType = wrapper.framework; name = SwiftUI.framework; path = System/Library/Frameworks/SwiftUI.framework; sourceTree = SDKROOT; };
		F5E791B52CDCBD680008BA3E /* WidgetExtension.entitlements */ = {isa = PBXFileReference; lastKnownFileType = text.plist.entitlements; path = WidgetExtension.entitlements; sourceTree = "<group>"; };
/* End PBXFileReference section */

/* Begin PBXFileSystemSynchronizedBuildFileExceptionSet section */
		F5E791B02CDCB9AC0008BA3E /* Exceptions for "Widget" folder in "WidgetExtension" target */ = {
			isa = PBXFileSystemSynchronizedBuildFileExceptionSet;
			membershipExceptions = (
				Info.plist,
			);
			target = F5E791982CDCB9AA0008BA3E /* WidgetExtension */;
		};
/* End PBXFileSystemSynchronizedBuildFileExceptionSet section */

/* Begin PBXFileSystemSynchronizedRootGroup section */
		F5E791462CDB3ACB0008BA3E /* WeeklyBudget */ = {
			isa = PBXFileSystemSynchronizedRootGroup;
			path = WeeklyBudget;
			sourceTree = "<group>";
		};
		F5E7915A2CDB3ACC0008BA3E /* WeeklyBudgetTests */ = {
			isa = PBXFileSystemSynchronizedRootGroup;
			path = WeeklyBudgetTests;
			sourceTree = "<group>";
		};
		F5E791642CDB3ACD0008BA3E /* WeeklyBudgetUITests */ = {
			isa = PBXFileSystemSynchronizedRootGroup;
			path = WeeklyBudgetUITests;
			sourceTree = "<group>";
		};
		F5E7919F2CDCB9AA0008BA3E /* Widget */ = {
			isa = PBXFileSystemSynchronizedRootGroup;
			exceptions = (
				F5E791B02CDCB9AC0008BA3E /* Exceptions for "Widget" folder in "WidgetExtension" target */,
			);
			path = Widget;
			sourceTree = "<group>";
		};
/* End PBXFileSystemSynchronizedRootGroup section */

/* Begin PBXFrameworksBuildPhase section */
		F5E791412CDB3ACB0008BA3E /* Frameworks */ = {
			isa = PBXFrameworksBuildPhase;
			buildActionMask = 2147483647;
			files = (
			);
			runOnlyForDeploymentPostprocessing = 0;
		};
		F5E791542CDB3ACC0008BA3E /* Frameworks */ = {
			isa = PBXFrameworksBuildPhase;
			buildActionMask = 2147483647;
			files = (
			);
			runOnlyForDeploymentPostprocessing = 0;
		};
		F5E7915E2CDB3ACD0008BA3E /* Frameworks */ = {
			isa = PBXFrameworksBuildPhase;
			buildActionMask = 2147483647;
			files = (
			);
			runOnlyForDeploymentPostprocessing = 0;
		};
		F5E791962CDCB9AA0008BA3E /* Frameworks */ = {
			isa = PBXFrameworksBuildPhase;
			buildActionMask = 2147483647;
			files = (
				F5E791B92CDDAC740008BA3E /* SwiftUI.framework in Frameworks */,
				F5E791BC2CDDAC750008BA3E /* WidgetKit.framework in Frameworks */,
			);
			runOnlyForDeploymentPostprocessing = 0;
		};
/* End PBXFrameworksBuildPhase section */

/* Begin PBXGroup section */
		F5E7913B2CDB3ACB0008BA3E = {
			isa = PBXGroup;
			children = (
				F5E791B52CDCBD680008BA3E /* WidgetExtension.entitlements */,
				F5E791462CDB3ACB0008BA3E /* WeeklyBudget */,
				F5E7915A2CDB3ACC0008BA3E /* WeeklyBudgetTests */,
				F5E791642CDB3ACD0008BA3E /* WeeklyBudgetUITests */,
				F5E7919F2CDCB9AA0008BA3E /* Widget */,
				F5E7919A2CDCB9AA0008BA3E /* Frameworks */,
				F5E791452CDB3ACB0008BA3E /* Products */,
			);
			sourceTree = "<group>";
		};
		F5E791452CDB3ACB0008BA3E /* Products */ = {
			isa = PBXGroup;
			children = (
				F5E791442CDB3ACB0008BA3E /* WeeklyBudget.app */,
				F5E791572CDB3ACC0008BA3E /* WeeklyBudgetTests.xctest */,
				F5E791612CDB3ACD0008BA3E /* WeeklyBudgetUITests.xctest */,
				F5E791992CDCB9AA0008BA3E /* WidgetExtension.appex */,
			);
			name = Products;
			sourceTree = "<group>";
		};
		F5E7919A2CDCB9AA0008BA3E /* Frameworks */ = {
			isa = PBXGroup;
			children = (
				F5E7919B2CDCB9AA0008BA3E /* WidgetKit.framework */,
				F5E7919D2CDCB9AA0008BA3E /* SwiftUI.framework */,
			);
			name = Frameworks;
			sourceTree = "<group>";
		};
/* End PBXGroup section */

/* Begin PBXNativeTarget section */
		F5E791432CDB3ACB0008BA3E /* WeeklyBudget */ = {
			isa = PBXNativeTarget;
			buildConfigurationList = F5E7916B2CDB3ACD0008BA3E /* Build configuration list for PBXNativeTarget "WeeklyBudget" */;
			buildPhases = (
				F5E791402CDB3ACB0008BA3E /* Sources */,
				F5E791412CDB3ACB0008BA3E /* Frameworks */,
				F5E791422CDB3ACB0008BA3E /* Resources */,
				F5E791B42CDCB9AC0008BA3E /* Embed Foundation Extensions */,
				F5E791B62CDCC1720008BA3E /* CopyFiles */,
			);
			buildRules = (
			);
			dependencies = (
				F5E791AE2CDCB9AC0008BA3E /* PBXTargetDependency */,
			);
			fileSystemSynchronizedGroups = (
				F5E791462CDB3ACB0008BA3E /* WeeklyBudget */,
			);
			name = WeeklyBudget;
			packageProductDependencies = (
			);
			productName = WeeklyBudget;
			productReference = F5E791442CDB3ACB0008BA3E /* WeeklyBudget.app */;
			productType = "com.apple.product-type.application";
		};
		F5E791562CDB3ACC0008BA3E /* WeeklyBudgetTests */ = {
			isa = PBXNativeTarget;
			buildConfigurationList = F5E7916E2CDB3ACD0008BA3E /* Build configuration list for PBXNativeTarget "WeeklyBudgetTests" */;
			buildPhases = (
				F5E791532CDB3ACC0008BA3E /* Sources */,
				F5E791542CDB3ACC0008BA3E /* Frameworks */,
				F5E791552CDB3ACC0008BA3E /* Resources */,
			);
			buildRules = (
			);
			dependencies = (
				F5E791592CDB3ACC0008BA3E /* PBXTargetDependency */,
			);
			fileSystemSynchronizedGroups = (
				F5E7915A2CDB3ACC0008BA3E /* WeeklyBudgetTests */,
			);
			name = WeeklyBudgetTests;
			packageProductDependencies = (
			);
			productName = WeeklyBudgetTests;
			productReference = F5E791572CDB3ACC0008BA3E /* WeeklyBudgetTests.xctest */;
			productType = "com.apple.product-type.bundle.unit-test";
		};
		F5E791602CDB3ACD0008BA3E /* WeeklyBudgetUITests */ = {
			isa = PBXNativeTarget;
			buildConfigurationList = F5E791712CDB3ACD0008BA3E /* Build configuration list for PBXNativeTarget "WeeklyBudgetUITests" */;
			buildPhases = (
				F5E7915D2CDB3ACD0008BA3E /* Sources */,
				F5E7915E2CDB3ACD0008BA3E /* Frameworks */,
				F5E7915F2CDB3ACD0008BA3E /* Resources */,
			);
			buildRules = (
			);
			dependencies = (
				F5E791632CDB3ACD0008BA3E /* PBXTargetDependency */,
			);
			fileSystemSynchronizedGroups = (
				F5E791642CDB3ACD0008BA3E /* WeeklyBudgetUITests */,
			);
			name = WeeklyBudgetUITests;
			packageProductDependencies = (
			);
			productName = WeeklyBudgetUITests;
			productReference = F5E791612CDB3ACD0008BA3E /* WeeklyBudgetUITests.xctest */;
			productType = "com.apple.product-type.bundle.ui-testing";
		};
		F5E791982CDCB9AA0008BA3E /* WidgetExtension */ = {
			isa = PBXNativeTarget;
			buildConfigurationList = F5E791B12CDCB9AC0008BA3E /* Build configuration list for PBXNativeTarget "WidgetExtension" */;
			buildPhases = (
				F5E791952CDCB9AA0008BA3E /* Sources */,
				F5E791962CDCB9AA0008BA3E /* Frameworks */,
				F5E791972CDCB9AA0008BA3E /* Resources */,
				F5E791BB2CDDAC740008BA3E /* Embed Frameworks */,
			);
			buildRules = (
			);
			dependencies = (
			);
			fileSystemSynchronizedGroups = (
				F5E7919F2CDCB9AA0008BA3E /* Widget */,
			);
			name = WidgetExtension;
			packageProductDependencies = (
			);
			productName = WidgetExtension;
			productReference = F5E791992CDCB9AA0008BA3E /* WidgetExtension.appex */;
			productType = "com.apple.product-type.app-extension";
		};
/* End PBXNativeTarget section */

/* Begin PBXProject section */
		F5E7913C2CDB3ACB0008BA3E /* Project object */ = {
			isa = PBXProject;
			attributes = {
				BuildIndependentTargetsInParallel = 1;
				LastSwiftUpdateCheck = 1610;
				LastUpgradeCheck = 1610;
				TargetAttributes = {
					F5E791432CDB3ACB0008BA3E = {
						CreatedOnToolsVersion = 16.1;
					};
					F5E791562CDB3ACC0008BA3E = {
						CreatedOnToolsVersion = 16.1;
						TestTargetID = F5E791432CDB3ACB0008BA3E;
					};
					F5E791602CDB3ACD0008BA3E = {
						CreatedOnToolsVersion = 16.1;
						TestTargetID = F5E791432CDB3ACB0008BA3E;
					};
					F5E791982CDCB9AA0008BA3E = {
						CreatedOnToolsVersion = 16.1;
					};
				};
			};
			buildConfigurationList = F5E7913F2CDB3ACB0008BA3E /* Build configuration list for PBXProject "WeeklyBudget" */;
			developmentRegion = en;
			hasScannedForEncodings = 0;
			knownRegions = (
				en,
				Base,
			);
			mainGroup = F5E7913B2CDB3ACB0008BA3E;
			minimizedProjectReferenceProxies = 1;
			preferredProjectObjectVersion = 77;
			productRefGroup = F5E791452CDB3ACB0008BA3E /* Products */;
			projectDirPath = "";
			projectRoot = "";
			targets = (
				F5E791432CDB3ACB0008BA3E /* WeeklyBudget */,
				F5E791562CDB3ACC0008BA3E /* WeeklyBudgetTests */,
				F5E791602CDB3ACD0008BA3E /* WeeklyBudgetUITests */,
				F5E791982CDCB9AA0008BA3E /* WidgetExtension */,
			);
		};
/* End PBXProject section */

/* Begin PBXResourcesBuildPhase section */
		F5E791422CDB3ACB0008BA3E /* Resources */ = {
			isa = PBXResourcesBuildPhase;
			buildActionMask = 2147483647;
			files = (
			);
			runOnlyForDeploymentPostprocessing = 0;
		};
		F5E791552CDB3ACC0008BA3E /* Resources */ = {
			isa = PBXResourcesBuildPhase;
			buildActionMask = 2147483647;
			files = (
			);
			runOnlyForDeploymentPostprocessing = 0;
		};
		F5E7915F2CDB3ACD0008BA3E /* Resources */ = {
			isa = PBXResourcesBuildPhase;
			buildActionMask = 2147483647;
			files = (
			);
			runOnlyForDeploymentPostprocessing = 0;
		};
		F5E791972CDCB9AA0008BA3E /* Resources */ = {
			isa = PBXResourcesBuildPhase;
			buildActionMask = 2147483647;
			files = (
			);
			runOnlyForDeploymentPostprocessing = 0;
		};
/* End PBXResourcesBuildPhase section */

/* Begin PBXSourcesBuildPhase section */
		F5E791402CDB3ACB0008BA3E /* Sources */ = {
			isa = PBXSourcesBuildPhase;
			buildActionMask = 2147483647;
			files = (
			);
			runOnlyForDeploymentPostprocessing = 0;
		};
		F5E791532CDB3ACC0008BA3E /* Sources */ = {
			isa = PBXSourcesBuildPhase;
			buildActionMask = 2147483647;
			files = (
			);
			runOnlyForDeploymentPostprocessing = 0;
		};
		F5E7915D2CDB3ACD0008BA3E /* Sources */ = {
			isa = PBXSourcesBuildPhase;
			buildActionMask = 2147483647;
			files = (
			);
			runOnlyForDeploymentPostprocessing = 0;
		};
		F5E791952CDCB9AA0008BA3E /* Sources */ = {
			isa = PBXSourcesBuildPhase;
			buildActionMask = 2147483647;
			files = (
			);
			runOnlyForDeploymentPostprocessing = 0;
		};
/* End PBXSourcesBuildPhase section */

/* Begin PBXTargetDependency section */
		F5E791592CDB3ACC0008BA3E /* PBXTargetDependency */ = {
			isa = PBXTargetDependency;
			target = F5E791432CDB3ACB0008BA3E /* WeeklyBudget */;
			targetProxy = F5E791582CDB3ACC0008BA3E /* PBXContainerItemProxy */;
		};
		F5E791632CDB3ACD0008BA3E /* PBXTargetDependency */ = {
			isa = PBXTargetDependency;
			target = F5E791432CDB3ACB0008BA3E /* WeeklyBudget */;
			targetProxy = F5E791622CDB3ACD0008BA3E /* PBXContainerItemProxy */;
		};
		F5E791AE2CDCB9AC0008BA3E /* PBXTargetDependency */ = {
			isa = PBXTargetDependency;
			target = F5E791982CDCB9AA0008BA3E /* WidgetExtension */;
			targetProxy = F5E791AD2CDCB9AC0008BA3E /* PBXContainerItemProxy */;
		};
/* End PBXTargetDependency section */

/* Begin XCBuildConfiguration section */
		F5E791692CDB3ACD0008BA3E /* Debug */ = {
			isa = XCBuildConfiguration;
			buildSettings = {
				ALWAYS_SEARCH_USER_PATHS = NO;
				ASSETCATALOG_COMPILER_GENERATE_SWIFT_ASSET_SYMBOL_EXTENSIONS = YES;
				CLANG_ANALYZER_NONNULL = YES;
				CLANG_ANALYZER_NUMBER_OBJECT_CONVERSION = YES_AGGRESSIVE;
				CLANG_CXX_LANGUAGE_STANDARD = "gnu++20";
				CLANG_ENABLE_MODULES = YES;
				CLANG_ENABLE_OBJC_ARC = YES;
				CLANG_ENABLE_OBJC_WEAK = YES;
				CLANG_WARN_BLOCK_CAPTURE_AUTORELEASING = YES;
				CLANG_WARN_BOOL_CONVERSION = YES;
				CLANG_WARN_COMMA = YES;
				CLANG_WARN_CONSTANT_CONVERSION = YES;
				CLANG_WARN_DEPRECATED_OBJC_IMPLEMENTATIONS = YES;
				CLANG_WARN_DIRECT_OBJC_ISA_USAGE = YES_ERROR;
				CLANG_WARN_DOCUMENTATION_COMMENTS = YES;
				CLANG_WARN_EMPTY_BODY = YES;
				CLANG_WARN_ENUM_CONVERSION = YES;
				CLANG_WARN_INFINITE_RECURSION = YES;
				CLANG_WARN_INT_CONVERSION = YES;
				CLANG_WARN_NON_LITERAL_NULL_CONVERSION = YES;
				CLANG_WARN_OBJC_IMPLICIT_RETAIN_SELF = YES;
				CLANG_WARN_OBJC_LITERAL_CONVERSION = YES;
				CLANG_WARN_OBJC_ROOT_CLASS = YES_ERROR;
				CLANG_WARN_QUOTED_INCLUDE_IN_FRAMEWORK_HEADER = YES;
				CLANG_WARN_RANGE_LOOP_ANALYSIS = YES;
				CLANG_WARN_STRICT_PROTOTYPES = YES;
				CLANG_WARN_SUSPICIOUS_MOVE = YES;
				CLANG_WARN_UNGUARDED_AVAILABILITY = YES_AGGRESSIVE;
				CLANG_WARN_UNREACHABLE_CODE = YES;
				CLANG_WARN__DUPLICATE_METHOD_MATCH = YES;
				COPY_PHASE_STRIP = NO;
				DEBUG_INFORMATION_FORMAT = dwarf;
				ENABLE_STRICT_OBJC_MSGSEND = YES;
				ENABLE_TESTABILITY = YES;
				ENABLE_USER_SCRIPT_SANDBOXING = YES;
				GCC_C_LANGUAGE_STANDARD = gnu17;
				GCC_DYNAMIC_NO_PIC = NO;
				GCC_NO_COMMON_BLOCKS = YES;
				GCC_OPTIMIZATION_LEVEL = 0;
				GCC_PREPROCESSOR_DEFINITIONS = (
					"DEBUG=1",
					"$(inherited)",
				);
				GCC_WARN_64_TO_32_BIT_CONVERSION = YES;
				GCC_WARN_ABOUT_RETURN_TYPE = YES_ERROR;
				GCC_WARN_UNDECLARED_SELECTOR = YES;
				GCC_WARN_UNINITIALIZED_AUTOS = YES_AGGRESSIVE;
				GCC_WARN_UNUSED_FUNCTION = YES;
				GCC_WARN_UNUSED_VARIABLE = YES;
				LOCALIZATION_PREFERS_STRING_CATALOGS = YES;
				MTL_ENABLE_DEBUG_INFO = INCLUDE_SOURCE;
				MTL_FAST_MATH = YES;
				ONLY_ACTIVE_ARCH = YES;
				SWIFT_ACTIVE_COMPILATION_CONDITIONS = "DEBUG $(inherited)";
				SWIFT_OPTIMIZATION_LEVEL = "-Onone";
			};
			name = Debug;
		};
		F5E7916A2CDB3ACD0008BA3E /* Release */ = {
			isa = XCBuildConfiguration;
			buildSettings = {
				ALWAYS_SEARCH_USER_PATHS = NO;
				ASSETCATALOG_COMPILER_GENERATE_SWIFT_ASSET_SYMBOL_EXTENSIONS = YES;
				CLANG_ANALYZER_NONNULL = YES;
				CLANG_ANALYZER_NUMBER_OBJECT_CONVERSION = YES_AGGRESSIVE;
				CLANG_CXX_LANGUAGE_STANDARD = "gnu++20";
				CLANG_ENABLE_MODULES = YES;
				CLANG_ENABLE_OBJC_ARC = YES;
				CLANG_ENABLE_OBJC_WEAK = YES;
				CLANG_WARN_BLOCK_CAPTURE_AUTORELEASING = YES;
				CLANG_WARN_BOOL_CONVERSION = YES;
				CLANG_WARN_COMMA = YES;
				CLANG_WARN_CONSTANT_CONVERSION = YES;
				CLANG_WARN_DEPRECATED_OBJC_IMPLEMENTATIONS = YES;
				CLANG_WARN_DIRECT_OBJC_ISA_USAGE = YES_ERROR;
				CLANG_WARN_DOCUMENTATION_COMMENTS = YES;
				CLANG_WARN_EMPTY_BODY = YES;
				CLANG_WARN_ENUM_CONVERSION = YES;
				CLANG_WARN_INFINITE_RECURSION = YES;
				CLANG_WARN_INT_CONVERSION = YES;
				CLANG_WARN_NON_LITERAL_NULL_CONVERSION = YES;
				CLANG_WARN_OBJC_IMPLICIT_RETAIN_SELF = YES;
				CLANG_WARN_OBJC_LITERAL_CONVERSION = YES;
				CLANG_WARN_OBJC_ROOT_CLASS = YES_ERROR;
				CLANG_WARN_QUOTED_INCLUDE_IN_FRAMEWORK_HEADER = YES;
				CLANG_WARN_RANGE_LOOP_ANALYSIS = YES;
				CLANG_WARN_STRICT_PROTOTYPES = YES;
				CLANG_WARN_SUSPICIOUS_MOVE = YES;
				CLANG_WARN_UNGUARDED_AVAILABILITY = YES_AGGRESSIVE;
				CLANG_WARN_UNREACHABLE_CODE = YES;
				CLANG_WARN__DUPLICATE_METHOD_MATCH = YES;
				COPY_PHASE_STRIP = NO;
				DEBUG_INFORMATION_FORMAT = "dwarf-with-dsym";
				ENABLE_NS_ASSERTIONS = NO;
				ENABLE_STRICT_OBJC_MSGSEND = YES;
				ENABLE_USER_SCRIPT_SANDBOXING = YES;
				GCC_C_LANGUAGE_STANDARD = gnu17;
				GCC_NO_COMMON_BLOCKS = YES;
				GCC_WARN_64_TO_32_BIT_CONVERSION = YES;
				GCC_WARN_ABOUT_RETURN_TYPE = YES_ERROR;
				GCC_WARN_UNDECLARED_SELECTOR = YES;
				GCC_WARN_UNINITIALIZED_AUTOS = YES_AGGRESSIVE;
				GCC_WARN_UNUSED_FUNCTION = YES;
				GCC_WARN_UNUSED_VARIABLE = YES;
				LOCALIZATION_PREFERS_STRING_CATALOGS = YES;
				MTL_ENABLE_DEBUG_INFO = NO;
				MTL_FAST_MATH = YES;
				SWIFT_COMPILATION_MODE = wholemodule;
				SWIFT_OPTIMIZATION_LEVEL = "-Onone";
			};
			name = Release;
		};
		F5E7916C2CDB3ACD0008BA3E /* Debug */ = {
			isa = XCBuildConfiguration;
			buildSettings = {
				APPLICATION_EXTENSION_API_ONLY = YES;
				ASSETCATALOG_COMPILER_APPICON_NAME = AppIcon;
				ASSETCATALOG_COMPILER_GLOBAL_ACCENT_COLOR_NAME = AccentColor;
				ASSETCATALOG_COMPILER_INCLUDE_ALL_APPICON_ASSETS = YES;
				CODE_SIGN_ENTITLEMENTS = WeeklyBudget/WeeklyBudget.entitlements;
				CODE_SIGN_STYLE = Automatic;
				CURRENT_PROJECT_VERSION = 1;
				DEVELOPMENT_ASSET_PATHS = "\"WeeklyBudget/Preview Content\"";
				DEVELOPMENT_TEAM = LQM4CXNU7D;
				ENABLE_HARDENED_RUNTIME = YES;
				ENABLE_PREVIEWS = YES;
				GENERATE_INFOPLIST_FILE = YES;
				INFOPLIST_KEY_CFBundleDisplayName = "주간지출관리";
				"INFOPLIST_KEY_UIApplicationSceneManifest_Generation[sdk=iphoneos*]" = YES;
				"INFOPLIST_KEY_UIApplicationSceneManifest_Generation[sdk=iphonesimulator*]" = YES;
				"INFOPLIST_KEY_UIApplicationSupportsIndirectInputEvents[sdk=iphoneos*]" = YES;
				"INFOPLIST_KEY_UIApplicationSupportsIndirectInputEvents[sdk=iphonesimulator*]" = YES;
				"INFOPLIST_KEY_UILaunchScreen_Generation[sdk=iphoneos*]" = YES;
				"INFOPLIST_KEY_UILaunchScreen_Generation[sdk=iphonesimulator*]" = YES;
				"INFOPLIST_KEY_UIStatusBarStyle[sdk=iphoneos*]" = UIStatusBarStyleDefault;
				"INFOPLIST_KEY_UIStatusBarStyle[sdk=iphonesimulator*]" = UIStatusBarStyleDefault;
				INFOPLIST_KEY_UISupportedInterfaceOrientations_iPad = "UIInterfaceOrientationPortrait UIInterfaceOrientationPortraitUpsideDown UIInterfaceOrientationLandscapeLeft UIInterfaceOrientationLandscapeRight";
				INFOPLIST_KEY_UISupportedInterfaceOrientations_iPhone = "UIInterfaceOrientationPortrait UIInterfaceOrientationLandscapeLeft UIInterfaceOrientationLandscapeRight";
				IPHONEOS_DEPLOYMENT_TARGET = 18.0;
				LD_RUNPATH_SEARCH_PATHS = "@executable_path/Frameworks";
				"LD_RUNPATH_SEARCH_PATHS[sdk=macosx*]" = "@executable_path/../Frameworks";
				MACOSX_DEPLOYMENT_TARGET = 14.0;
				MARKETING_VERSION = 1.0;
				PRODUCT_BUNDLE_IDENTIFIER = com.wonji.WeeklyBudget;
				PRODUCT_NAME = "$(TARGET_NAME)";
				SDKROOT = auto;
				SUPPORTED_PLATFORMS = "iphoneos iphonesimulator macosx xros xrsimulator";
				SWIFT_EMIT_LOC_STRINGS = YES;
				SWIFT_VERSION = 5.0;
				TARGETED_DEVICE_FAMILY = "1,2,7";
				XROS_DEPLOYMENT_TARGET = 2.1;
			};
			name = Debug;
		};
		F5E7916D2CDB3ACD0008BA3E /* Release */ = {
			isa = XCBuildConfiguration;
			buildSettings = {
				APPLICATION_EXTENSION_API_ONLY = YES;
				ASSETCATALOG_COMPILER_APPICON_NAME = AppIcon;
				ASSETCATALOG_COMPILER_GLOBAL_ACCENT_COLOR_NAME = AccentColor;
				ASSETCATALOG_COMPILER_INCLUDE_ALL_APPICON_ASSETS = YES;
				CODE_SIGN_ENTITLEMENTS = WeeklyBudget/WeeklyBudget.entitlements;
				CODE_SIGN_STYLE = Automatic;
				CURRENT_PROJECT_VERSION = 1;
				DEVELOPMENT_ASSET_PATHS = "\"WeeklyBudget/Preview Content\"";
				DEVELOPMENT_TEAM = LQM4CXNU7D;
				ENABLE_HARDENED_RUNTIME = YES;
				ENABLE_PREVIEWS = YES;
				GENERATE_INFOPLIST_FILE = YES;
				INFOPLIST_KEY_CFBundleDisplayName = "주간지출관리";
				"INFOPLIST_KEY_UIApplicationSceneManifest_Generation[sdk=iphoneos*]" = YES;
				"INFOPLIST_KEY_UIApplicationSceneManifest_Generation[sdk=iphonesimulator*]" = YES;
				"INFOPLIST_KEY_UIApplicationSupportsIndirectInputEvents[sdk=iphoneos*]" = YES;
				"INFOPLIST_KEY_UIApplicationSupportsIndirectInputEvents[sdk=iphonesimulator*]" = YES;
				"INFOPLIST_KEY_UILaunchScreen_Generation[sdk=iphoneos*]" = YES;
				"INFOPLIST_KEY_UILaunchScreen_Generation[sdk=iphonesimulator*]" = YES;
				"INFOPLIST_KEY_UIStatusBarStyle[sdk=iphoneos*]" = UIStatusBarStyleDefault;
				"INFOPLIST_KEY_UIStatusBarStyle[sdk=iphonesimulator*]" = UIStatusBarStyleDefault;
				INFOPLIST_KEY_UISupportedInterfaceOrientations_iPad = "UIInterfaceOrientationPortrait UIInterfaceOrientationPortraitUpsideDown UIInterfaceOrientationLandscapeLeft UIInterfaceOrientationLandscapeRight";
				INFOPLIST_KEY_UISupportedInterfaceOrientations_iPhone = "UIInterfaceOrientationPortrait UIInterfaceOrientationLandscapeLeft UIInterfaceOrientationLandscapeRight";
				IPHONEOS_DEPLOYMENT_TARGET = 18.0;
				LD_RUNPATH_SEARCH_PATHS = "@executable_path/Frameworks";
				"LD_RUNPATH_SEARCH_PATHS[sdk=macosx*]" = "@executable_path/../Frameworks";
				MACOSX_DEPLOYMENT_TARGET = 14.0;
				MARKETING_VERSION = 1.0;
				PRODUCT_BUNDLE_IDENTIFIER = com.wonji.WeeklyBudget;
				PRODUCT_NAME = "$(TARGET_NAME)";
				SDKROOT = auto;
				SUPPORTED_PLATFORMS = "iphoneos iphonesimulator macosx xros xrsimulator";
				SWIFT_EMIT_LOC_STRINGS = YES;
				SWIFT_VERSION = 5.0;
				TARGETED_DEVICE_FAMILY = "1,2,7";
				XROS_DEPLOYMENT_TARGET = 2.1;
			};
			name = Release;
		};
		F5E7916F2CDB3ACD0008BA3E /* Debug */ = {
			isa = XCBuildConfiguration;
			buildSettings = {
				BUNDLE_LOADER = "$(TEST_HOST)";
				CODE_SIGN_STYLE = Automatic;
				CURRENT_PROJECT_VERSION = 1;
				DEVELOPMENT_TEAM = LQM4CXNU7D;
				GENERATE_INFOPLIST_FILE = YES;
				IPHONEOS_DEPLOYMENT_TARGET = 18.1;
				MACOSX_DEPLOYMENT_TARGET = 15.0;
				MARKETING_VERSION = 1.0;
				PRODUCT_BUNDLE_IDENTIFIER = com.wonji.WeeklyBudgetTests;
				PRODUCT_NAME = "$(TARGET_NAME)";
				SDKROOT = auto;
				SUPPORTED_PLATFORMS = "iphoneos iphonesimulator macosx xros xrsimulator";
				SWIFT_EMIT_LOC_STRINGS = NO;
				SWIFT_VERSION = 5.0;
				TARGETED_DEVICE_FAMILY = "1,2,7";
				TEST_HOST = "$(BUILT_PRODUCTS_DIR)/WeeklyBudget.app/$(BUNDLE_EXECUTABLE_FOLDER_PATH)/WeeklyBudget";
				XROS_DEPLOYMENT_TARGET = 2.1;
			};
			name = Debug;
		};
		F5E791702CDB3ACD0008BA3E /* Release */ = {
			isa = XCBuildConfiguration;
			buildSettings = {
				BUNDLE_LOADER = "$(TEST_HOST)";
				CODE_SIGN_STYLE = Automatic;
				CURRENT_PROJECT_VERSION = 1;
				DEVELOPMENT_TEAM = LQM4CXNU7D;
				GENERATE_INFOPLIST_FILE = YES;
				IPHONEOS_DEPLOYMENT_TARGET = 18.1;
				MACOSX_DEPLOYMENT_TARGET = 15.0;
				MARKETING_VERSION = 1.0;
				PRODUCT_BUNDLE_IDENTIFIER = com.wonji.WeeklyBudgetTests;
				PRODUCT_NAME = "$(TARGET_NAME)";
				SDKROOT = auto;
				SUPPORTED_PLATFORMS = "iphoneos iphonesimulator macosx xros xrsimulator";
				SWIFT_EMIT_LOC_STRINGS = NO;
				SWIFT_VERSION = 5.0;
				TARGETED_DEVICE_FAMILY = "1,2,7";
				TEST_HOST = "$(BUILT_PRODUCTS_DIR)/WeeklyBudget.app/$(BUNDLE_EXECUTABLE_FOLDER_PATH)/WeeklyBudget";
				XROS_DEPLOYMENT_TARGET = 2.1;
			};
			name = Release;
		};
		F5E791722CDB3ACD0008BA3E /* Debug */ = {
			isa = XCBuildConfiguration;
			buildSettings = {
				CODE_SIGN_STYLE = Automatic;
				CURRENT_PROJECT_VERSION = 1;
				DEVELOPMENT_TEAM = LQM4CXNU7D;
				GENERATE_INFOPLIST_FILE = YES;
				IPHONEOS_DEPLOYMENT_TARGET = 18.1;
				MACOSX_DEPLOYMENT_TARGET = 15.0;
				MARKETING_VERSION = 1.0;
				PRODUCT_BUNDLE_IDENTIFIER = com.wonji.WeeklyBudgetUITests;
				PRODUCT_NAME = "$(TARGET_NAME)";
				SDKROOT = auto;
				SUPPORTED_PLATFORMS = "iphoneos iphonesimulator macosx xros xrsimulator";
				SWIFT_EMIT_LOC_STRINGS = NO;
				SWIFT_VERSION = 5.0;
				TARGETED_DEVICE_FAMILY = "1,2,7";
				TEST_TARGET_NAME = WeeklyBudget;
				XROS_DEPLOYMENT_TARGET = 2.1;
			};
			name = Debug;
		};
		F5E791732CDB3ACD0008BA3E /* Release */ = {
			isa = XCBuildConfiguration;
			buildSettings = {
				CODE_SIGN_STYLE = Automatic;
				CURRENT_PROJECT_VERSION = 1;
				DEVELOPMENT_TEAM = LQM4CXNU7D;
				GENERATE_INFOPLIST_FILE = YES;
				IPHONEOS_DEPLOYMENT_TARGET = 18.1;
				MACOSX_DEPLOYMENT_TARGET = 15.0;
				MARKETING_VERSION = 1.0;
				PRODUCT_BUNDLE_IDENTIFIER = com.wonji.WeeklyBudgetUITests;
				PRODUCT_NAME = "$(TARGET_NAME)";
				SDKROOT = auto;
				SUPPORTED_PLATFORMS = "iphoneos iphonesimulator macosx xros xrsimulator";
				SWIFT_EMIT_LOC_STRINGS = NO;
				SWIFT_VERSION = 5.0;
				TARGETED_DEVICE_FAMILY = "1,2,7";
				TEST_TARGET_NAME = WeeklyBudget;
				XROS_DEPLOYMENT_TARGET = 2.1;
			};
			name = Release;
		};
		F5E791B22CDCB9AC0008BA3E /* Debug */ = {
			isa = XCBuildConfiguration;
			buildSettings = {
				ASSETCATALOG_COMPILER_GLOBAL_ACCENT_COLOR_NAME = AccentColor;
				ASSETCATALOG_COMPILER_WIDGET_BACKGROUND_COLOR_NAME = WidgetBackground;
				CODE_SIGN_ENTITLEMENTS = WidgetExtension.entitlements;
				CODE_SIGN_IDENTITY = "Apple Development";
				CODE_SIGN_STYLE = Automatic;
				CURRENT_PROJECT_VERSION = 1;
				DEVELOPMENT_TEAM = LQM4CXNU7D;
				GENERATE_INFOPLIST_FILE = YES;
				INFOPLIST_FILE = Widget/Info.plist;
				INFOPLIST_KEY_CFBundleDisplayName = "주간지출관리 위젯";
				INFOPLIST_KEY_NSHumanReadableCopyright = "";
				IPHONEOS_DEPLOYMENT_TARGET = 18.0;
				LD_RUNPATH_SEARCH_PATHS = (
					"$(inherited)",
					"@executable_path/Frameworks",
					"@executable_path/../../Frameworks",
				);
				MARKETING_VERSION = 1.0;
				PRODUCT_BUNDLE_IDENTIFIER = com.wonji.WeeklyBudget.Widget;
				PRODUCT_NAME = "$(TARGET_NAME)";
				PROVISIONING_PROFILE_SPECIFIER = "";
				SDKROOT = iphoneos;
				SKIP_INSTALL = YES;
				SWIFT_EMIT_LOC_STRINGS = YES;
				SWIFT_VERSION = 5.0;
				TARGETED_DEVICE_FAMILY = "1,2";
			};
			name = Debug;
		};
		F5E791B32CDCB9AC0008BA3E /* Release */ = {
			isa = XCBuildConfiguration;
			buildSettings = {
				ASSETCATALOG_COMPILER_GLOBAL_ACCENT_COLOR_NAME = AccentColor;
				ASSETCATALOG_COMPILER_WIDGET_BACKGROUND_COLOR_NAME = WidgetBackground;
				CODE_SIGN_ENTITLEMENTS = WidgetExtension.entitlements;
				CODE_SIGN_IDENTITY = "Apple Development";
				CODE_SIGN_STYLE = Automatic;
				CURRENT_PROJECT_VERSION = 1;
				DEVELOPMENT_TEAM = LQM4CXNU7D;
				GENERATE_INFOPLIST_FILE = YES;
				INFOPLIST_FILE = Widget/Info.plist;
				INFOPLIST_KEY_CFBundleDisplayName = "주간지출관리 위젯";
				INFOPLIST_KEY_NSHumanReadableCopyright = "";
				IPHONEOS_DEPLOYMENT_TARGET = 18.0;
				LD_RUNPATH_SEARCH_PATHS = (
					"$(inherited)",
					"@executable_path/Frameworks",
					"@executable_path/../../Frameworks",
				);
				MARKETING_VERSION = 1.0;
				PRODUCT_BUNDLE_IDENTIFIER = com.wonji.WeeklyBudget.Widget;
				PRODUCT_NAME = "$(TARGET_NAME)";
				PROVISIONING_PROFILE_SPECIFIER = "";
				SDKROOT = iphoneos;
				SKIP_INSTALL = YES;
				SWIFT_EMIT_LOC_STRINGS = YES;
				SWIFT_VERSION = 5.0;
				TARGETED_DEVICE_FAMILY = "1,2";
				VALIDATE_PRODUCT = YES;
			};
			name = Release;
		};
/* End XCBuildConfiguration section */

/* Begin XCConfigurationList section */
		F5E7913F2CDB3ACB0008BA3E /* Build configuration list for PBXProject "WeeklyBudget" */ = {
			isa = XCConfigurationList;
			buildConfigurations = (
				F5E791692CDB3ACD0008BA3E /* Debug */,
				F5E7916A2CDB3ACD0008BA3E /* Release */,
			);
			defaultConfigurationIsVisible = 0;
			defaultConfigurationName = Release;
		};
		F5E7916B2CDB3ACD0008BA3E /* Build configuration list for PBXNativeTarget "WeeklyBudget" */ = {
			isa = XCConfigurationList;
			buildConfigurations = (
				F5E7916C2CDB3ACD0008BA3E /* Debug */,
				F5E7916D2CDB3ACD0008BA3E /* Release */,
			);
			defaultConfigurationIsVisible = 0;
			defaultConfigurationName = Release;
		};
		F5E7916E2CDB3ACD0008BA3E /* Build configuration list for PBXNativeTarget "WeeklyBudgetTests" */ = {
			isa = XCConfigurationList;
			buildConfigurations = (
				F5E7916F2CDB3ACD0008BA3E /* Debug */,
				F5E791702CDB3ACD0008BA3E /* Release */,
			);
			defaultConfigurationIsVisible = 0;
			defaultConfigurationName = Release;
		};
		F5E791712CDB3ACD0008BA3E /* Build configuration list for PBXNativeTarget "WeeklyBudgetUITests" */ = {
			isa = XCConfigurationList;
			buildConfigurations = (
				F5E791722CDB3ACD0008BA3E /* Debug */,
				F5E791732CDB3ACD0008BA3E /* Release */,
			);
			defaultConfigurationIsVisible = 0;
			defaultConfigurationName = Release;
		};
		F5E791B12CDCB9AC0008BA3E /* Build configuration list for PBXNativeTarget "WidgetExtension" */ = {
			isa = XCConfigurationList;
			buildConfigurations = (
				F5E791B22CDCB9AC0008BA3E /* Debug */,
				F5E791B32CDCB9AC0008BA3E /* Release */,
			);
			defaultConfigurationIsVisible = 0;
			defaultConfigurationName = Release;
		};
/* End XCConfigurationList section */
	};
	rootObject = F5E7913C2CDB3ACB0008BA3E /* Project object */;
}
